
Microsoft Visual Studio Solution File, Format Version 12.00
# Visual Studio Version 18
VisualStudioVersion = 18.0.11222.15
MinimumVisualStudioVersion = 10.0.40219.1
Project("{2150E333-8FDC-42A3-9474-1A3956D46DE8}") = "Services", "Services", "{02EA681E-C7D8-13C7-8484-4AC65E1B71E8}"
EndProject
Project("{2150E333-8FDC-42A3-9474-1A3956D46DE8}") = "Auth", "Auth", "{3B222B70-FD60-4D7B-89AB-D5840A11BC18}"
EndProject
Project("{FAE04EC0-301F-11D3-BF4B-00C04F79EFBC}") = "ezyGo.Auth.Service", "Services\Auth\ezyGo.Auth.Service\ezyGo.Auth.Service.csproj", "{B6E17949-D803-43DB-95C3-FB0D43598FEE}"
EndProject
Project("{FAE04EC0-301F-11D3-BF4B-00C04F79EFBC}") = "ezyGo.Auth.Domain", "Services\Auth\ezyGo.Auth.Domain\ezyGo.Auth.Domain.csproj", "{88B94BB3-5503-4F7B-A540-41B211EB0195}"
EndProject
Project("{FAE04EC0-301F-11D3-BF4B-00C04F79EFBC}") = "ezyGo.Auth.Test", "Services\Auth\ezyGo.Auth.Test\ezyGo.Auth.Test.csproj", "{3BBEE81F-9647-4AB8-ABD1-B1F1E1E86F31}"
EndProject
Project("{FAE04EC0-301F-11D3-BF4B-00C04F79EFBC}") = "ezyGo.Auth.Storage", "Services\Auth\ezyGo.Auth.Storage\ezyGo.Auth.Storage.csproj", "{2DFDB136-FB12-485B-ADE2-19BA75C6383E}"
EndProject
Project("{FAE04EC0-301F-11D3-BF4B-00C04F79EFBC}") = "ezyGo.Auth.Middleware", "Services\Auth\ezyGo.Auth.Middleware\ezyGo.Auth.Middleware.csproj", "{628B10B5-44B4-49E9-8D67-6E529F286767}"
EndProject
Project("{2150E333-8FDC-42A3-9474-1A3956D46DE8}") = "Platform", "Platform", "{F595A63C-14D5-4C8C-8351-2775EB31B988}"
EndProject
Project("{2150E333-8FDC-42A3-9474-1A3956D46DE8}") = "Core", "Core", "{76AC566B-0700-4737-A7C1-4BE698B2CB88}"
EndProject
Project("{FAE04EC0-301F-11D3-BF4B-00C04F79EFBC}") = "ezyGo.Core.ServiceClients", "Core\ezyGo.Core.ServiceClients\ezyGo.Core.ServiceClients.csproj", "{A7CBE38B-48D4-42E0-A186-7F8DA9C0B106}"
EndProject
Project("{FAE04EC0-301F-11D3-BF4B-00C04F79EFBC}") = "ezyGo.Platform.Service", "Services\Platform\ezyGo.Platform.Service\ezyGo.Platform.Service.csproj", "{5DBBFD51-5B76-486D-95BA-12E92FF4BFA9}"
EndProject
Project("{FAE04EC0-301F-11D3-BF4B-00C04F79EFBC}") = "ezyGo.Platform.Domain", "Services\Platform\ezyGo.Platform.Domain\ezyGo.Platform.Domain.csproj", "{2E9C7E0E-C16E-4705-A022-4C2E1A6D1F4B}"
EndProject
Project("{2150E333-8FDC-42A3-9474-1A3956D46DE8}") = "Admin", "Admin", "{D4FB2F28-95EB-4D0F-A9B0-FD48FA8EBCDA}"
EndProject
Project("{FAE04EC0-301F-11D3-BF4B-00C04F79EFBC}") = "ezyGo.Admin.Service", "Admin\ezyGo.Admin.Service\ezyGo.Admin.Service.csproj", "{92FD3E98-9405-41BA-8A52-D2AA751344FC}"
EndProject
Project("{2150E333-8FDC-42A3-9474-1A3956D46DE8}") = "Payment", "Payment", "{F96F1E88-B03A-4DD3-A7AD-D56D17BBBB3B}"
EndProject
Project("{2150E333-8FDC-42A3-9474-1A3956D46DE8}") = "Booking", "Booking", "{5DA22705-4303-45CC-8DBE-805CF8C71F9F}"
EndProject
Project("{2150E333-8FDC-42A3-9474-1A3956D46DE8}") = "Search", "Search", "{152CF394-E070-49BA-B1D2-3B7B1270269B}"
EndProject
Project("{FAE04EC0-301F-11D3-BF4B-00C04F79EFBC}") = "ezyGo.Search.Service", "Services\Search\ezyGo.Search.Service\ezyGo.Search.Service.csproj", "{B0CF653E-25C5-48E8-9F0F-EC74549C2949}"
EndProject
Project("{FAE04EC0-301F-11D3-BF4B-00C04F79EFBC}") = "ezyGo.Search.Domain", "Services\Search\ezyGo.Search.Domain\ezyGo.Search.Domain.csproj", "{14B31C7E-FA2B-44A9-B3AC-EE6192D76187}"
EndProject
Project("{FAE04EC0-301F-11D3-BF4B-00C04F79EFBC}") = "ezyGo.Admin.Domain", "Admin\ezyGo.Admin.Domain\ezyGo.Admin.Domain.csproj", "{43692589-E5D6-4E89-8A44-F702AA5A2562}"
EndProject
Project("{FAE04EC0-301F-11D3-BF4B-00C04F79EFBC}") = "ezyGo.Admin.Storage", "Admin\ezyGo.Admin.Storage\ezyGo.Admin.Storage.csproj", "{B828EB36-764E-4650-8773-1D6E9547DAF6}"
EndProject
Project("{FAE04EC0-301F-11D3-BF4B-00C04F79EFBC}") = "ezyGo.Core.Notification", "Core\ezyGo.Core.Notification\ezyGo.Core.Notification.csproj", "{12DD0D86-6482-47D1-B049-707A75DB097D}"
EndProject
Project("{FAE04EC0-301F-11D3-BF4B-00C04F79EFBC}") = "ezyGo.Core", "Core\ezygo.Core\ezyGo.Core.csproj", "{BD4B8E26-4591-44CA-9D57-7B051510A33C}"
EndProject
Project("{FAE04EC0-301F-11D3-BF4B-00C04F79EFBC}") = "ezyGo.EntityFrameworkCore", "Core\ezyGo.EntityFrameworkCore\ezyGo.EntityFrameworkCore.csproj", "{672DAA31-2C3A-4756-B7D0-F2D74D64382D}"
EndProject
Project("{FAE04EC0-301F-11D3-BF4B-00C04F79EFBC}") = "ezyGo.Admin.Test", "Admin\ezyGo.Admin.Test\ezyGo.Admin.Test.csproj", "{2DC16682-A039-434B-8996-362FA5F34D50}"
EndProject
Project("{2150E333-8FDC-42A3-9474-1A3956D46DE8}") = "Trip", "Trip", "{21F51368-6A12-476C-8138-2597AF3EDC44}"
EndProject
Project("{FAE04EC0-301F-11D3-BF4B-00C04F79EFBC}") = "ezyGo.Trip.Service", "Services\Trip\ezyGo.Trip.Service\ezyGo.Trip.Service.csproj", "{C4EF3ECA-1053-4BB7-8390-C87302B47F7A}"
EndProject
Project("{FAE04EC0-301F-11D3-BF4B-00C04F79EFBC}") = "ezyGo.Trip.Domain", "Services\Trip\ezyGo.Trip.Domain\ezyGo.Trip.Domain.csproj", "{67BC40A7-3397-4C3D-904A-9CBF356D5075}"
EndProject
Project("{FAE04EC0-301F-11D3-BF4B-00C04F79EFBC}") = "ezyGo.Trip.Storage", "Services\Trip\ezyGo.Trip.Storage\ezyGo.Trip.Storage.csproj", "{76FD66C0-4874-43CC-967E-D33961DCFBD2}"
EndProject
Project("{FAE04EC0-301F-11D3-BF4B-00C04F79EFBC}") = "ezyGo.Payment.Service", "Services\Payment\ezyGo.Payment.Service\ezyGo.Payment.Service.csproj", "{253F2546-2B21-4E86-9AFB-536A04486E1B}"
EndProject
Project("{FAE04EC0-301F-11D3-BF4B-00C04F79EFBC}") = "ezyGo.Payment.Domain", "Services\Payment\ezyGo.Payment.Domain\ezyGo.Payment.Domain.csproj", "{C45C2BD9-A404-4C3A-B5FA-2197E822D20D}"
EndProject
Global
	GlobalSection(SolutionConfigurationPlatforms) = preSolution
		Debug|Any CPU = Debug|Any CPU
		Release|Any CPU = Release|Any CPU
	EndGlobalSection
	GlobalSection(ProjectConfigurationPlatforms) = postSolution
		{B6E17949-D803-43DB-95C3-FB0D43598FEE}.Debug|Any CPU.ActiveCfg = Debug|Any CPU
		{B6E17949-D803-43DB-95C3-FB0D43598FEE}.Debug|Any CPU.Build.0 = Debug|Any CPU
		{B6E17949-D803-43DB-95C3-FB0D43598FEE}.Release|Any CPU.ActiveCfg = Release|Any CPU
		{B6E17949-D803-43DB-95C3-FB0D43598FEE}.Release|Any CPU.Build.0 = Release|Any CPU
		{88B94BB3-5503-4F7B-A540-41B211EB0195}.Debug|Any CPU.ActiveCfg = Debug|Any CPU
		{88B94BB3-5503-4F7B-A540-41B211EB0195}.Debug|Any CPU.Build.0 = Debug|Any CPU
		{88B94BB3-5503-4F7B-A540-41B211EB0195}.Release|Any CPU.ActiveCfg = Release|Any CPU
		{88B94BB3-5503-4F7B-A540-41B211EB0195}.Release|Any CPU.Build.0 = Release|Any CPU
		{3BBEE81F-9647-4AB8-ABD1-B1F1E1E86F31}.Debug|Any CPU.ActiveCfg = Debug|Any CPU
		{3BBEE81F-9647-4AB8-ABD1-B1F1E1E86F31}.Debug|Any CPU.Build.0 = Debug|Any CPU
		{3BBEE81F-9647-4AB8-ABD1-B1F1E1E86F31}.Release|Any CPU.ActiveCfg = Release|Any CPU
		{3BBEE81F-9647-4AB8-ABD1-B1F1E1E86F31}.Release|Any CPU.Build.0 = Release|Any CPU
		{2DFDB136-FB12-485B-ADE2-19BA75C6383E}.Debug|Any CPU.ActiveCfg = Debug|Any CPU
		{2DFDB136-FB12-485B-ADE2-19BA75C6383E}.Debug|Any CPU.Build.0 = Debug|Any CPU
		{2DFDB136-FB12-485B-ADE2-19BA75C6383E}.Release|Any CPU.ActiveCfg = Release|Any CPU
		{2DFDB136-FB12-485B-ADE2-19BA75C6383E}.Release|Any CPU.Build.0 = Release|Any CPU
		{628B10B5-44B4-49E9-8D67-6E529F286767}.Debug|Any CPU.ActiveCfg = Debug|Any CPU
		{628B10B5-44B4-49E9-8D67-6E529F286767}.Debug|Any CPU.Build.0 = Debug|Any CPU
		{628B10B5-44B4-49E9-8D67-6E529F286767}.Release|Any CPU.ActiveCfg = Release|Any CPU
		{628B10B5-44B4-49E9-8D67-6E529F286767}.Release|Any CPU.Build.0 = Release|Any CPU
		{A7CBE38B-48D4-42E0-A186-7F8DA9C0B106}.Debug|Any CPU.ActiveCfg = Debug|Any CPU
		{A7CBE38B-48D4-42E0-A186-7F8DA9C0B106}.Debug|Any CPU.Build.0 = Debug|Any CPU
		{A7CBE38B-48D4-42E0-A186-7F8DA9C0B106}.Release|Any CPU.ActiveCfg = Release|Any CPU
		{A7CBE38B-48D4-42E0-A186-7F8DA9C0B106}.Release|Any CPU.Build.0 = Release|Any CPU
		{5DBBFD51-5B76-486D-95BA-12E92FF4BFA9}.Debug|Any CPU.ActiveCfg = Debug|Any CPU
		{5DBBFD51-5B76-486D-95BA-12E92FF4BFA9}.Debug|Any CPU.Build.0 = Debug|Any CPU
		{5DBBFD51-5B76-486D-95BA-12E92FF4BFA9}.Release|Any CPU.ActiveCfg = Release|Any CPU
		{5DBBFD51-5B76-486D-95BA-12E92FF4BFA9}.Release|Any CPU.Build.0 = Release|Any CPU
		{2E9C7E0E-C16E-4705-A022-4C2E1A6D1F4B}.Debug|Any CPU.ActiveCfg = Debug|Any CPU
		{2E9C7E0E-C16E-4705-A022-4C2E1A6D1F4B}.Debug|Any CPU.Build.0 = Debug|Any CPU
		{2E9C7E0E-C16E-4705-A022-4C2E1A6D1F4B}.Release|Any CPU.ActiveCfg = Release|Any CPU
		{2E9C7E0E-C16E-4705-A022-4C2E1A6D1F4B}.Release|Any CPU.Build.0 = Release|Any CPU
		{92FD3E98-9405-41BA-8A52-D2AA751344FC}.Debug|Any CPU.ActiveCfg = Debug|Any CPU
		{92FD3E98-9405-41BA-8A52-D2AA751344FC}.Debug|Any CPU.Build.0 = Debug|Any CPU
		{92FD3E98-9405-41BA-8A52-D2AA751344FC}.Release|Any CPU.ActiveCfg = Release|Any CPU
		{92FD3E98-9405-41BA-8A52-D2AA751344FC}.Release|Any CPU.Build.0 = Release|Any CPU
		{B0CF653E-25C5-48E8-9F0F-EC74549C2949}.Debug|Any CPU.ActiveCfg = Debug|Any CPU
		{B0CF653E-25C5-48E8-9F0F-EC74549C2949}.Debug|Any CPU.Build.0 = Debug|Any CPU
		{B0CF653E-25C5-48E8-9F0F-EC74549C2949}.Release|Any CPU.ActiveCfg = Release|Any CPU
		{B0CF653E-25C5-48E8-9F0F-EC74549C2949}.Release|Any CPU.Build.0 = Release|Any CPU
		{14B31C7E-FA2B-44A9-B3AC-EE6192D76187}.Debug|Any CPU.ActiveCfg = Debug|Any CPU
		{14B31C7E-FA2B-44A9-B3AC-EE6192D76187}.Debug|Any CPU.Build.0 = Debug|Any CPU
		{14B31C7E-FA2B-44A9-B3AC-EE6192D76187}.Release|Any CPU.ActiveCfg = Release|Any CPU
		{14B31C7E-FA2B-44A9-B3AC-EE6192D76187}.Release|Any CPU.Build.0 = Release|Any CPU
		{43692589-E5D6-4E89-8A44-F702AA5A2562}.Debug|Any CPU.ActiveCfg = Debug|Any CPU
		{43692589-E5D6-4E89-8A44-F702AA5A2562}.Debug|Any CPU.Build.0 = Debug|Any CPU
		{43692589-E5D6-4E89-8A44-F702AA5A2562}.Release|Any CPU.ActiveCfg = Release|Any CPU
		{43692589-E5D6-4E89-8A44-F702AA5A2562}.Release|Any CPU.Build.0 = Release|Any CPU
		{B828EB36-764E-4650-8773-1D6E9547DAF6}.Debug|Any CPU.ActiveCfg = Debug|Any CPU
		{B828EB36-764E-4650-8773-1D6E9547DAF6}.Debug|Any CPU.Build.0 = Debug|Any CPU
		{B828EB36-764E-4650-8773-1D6E9547DAF6}.Release|Any CPU.ActiveCfg = Release|Any CPU
		{B828EB36-764E-4650-8773-1D6E9547DAF6}.Release|Any CPU.Build.0 = Release|Any CPU
		{12DD0D86-6482-47D1-B049-707A75DB097D}.Debug|Any CPU.ActiveCfg = Debug|Any CPU
		{12DD0D86-6482-47D1-B049-707A75DB097D}.Debug|Any CPU.Build.0 = Debug|Any CPU
		{12DD0D86-6482-47D1-B049-707A75DB097D}.Release|Any CPU.ActiveCfg = Release|Any CPU
		{12DD0D86-6482-47D1-B049-707A75DB097D}.Release|Any CPU.Build.0 = Release|Any CPU
		{BD4B8E26-4591-44CA-9D57-7B051510A33C}.Debug|Any CPU.ActiveCfg = Debug|Any CPU
		{BD4B8E26-4591-44CA-9D57-7B051510A33C}.Debug|Any CPU.Build.0 = Debug|Any CPU
		{BD4B8E26-4591-44CA-9D57-7B051510A33C}.Release|Any CPU.ActiveCfg = Release|Any CPU
		{BD4B8E26-4591-44CA-9D57-7B051510A33C}.Release|Any CPU.Build.0 = Release|Any CPU
		{672DAA31-2C3A-4756-B7D0-F2D74D64382D}.Debug|Any CPU.ActiveCfg = Debug|Any CPU
		{672DAA31-2C3A-4756-B7D0-F2D74D64382D}.Debug|Any CPU.Build.0 = Debug|Any CPU
		{672DAA31-2C3A-4756-B7D0-F2D74D64382D}.Release|Any CPU.ActiveCfg = Release|Any CPU
		{672DAA31-2C3A-4756-B7D0-F2D74D64382D}.Release|Any CPU.Build.0 = Release|Any CPU
		{2DC16682-A039-434B-8996-362FA5F34D50}.Debug|Any CPU.ActiveCfg = Debug|Any CPU
		{2DC16682-A039-434B-8996-362FA5F34D50}.Debug|Any CPU.Build.0 = Debug|Any CPU
		{2DC16682-A039-434B-8996-362FA5F34D50}.Release|Any CPU.ActiveCfg = Release|Any CPU
		{2DC16682-A039-434B-8996-362FA5F34D50}.Release|Any CPU.Build.0 = Release|Any CPU
		{C4EF3ECA-1053-4BB7-8390-C87302B47F7A}.Debug|Any CPU.ActiveCfg = Debug|Any CPU
		{C4EF3ECA-1053-4BB7-8390-C87302B47F7A}.Debug|Any CPU.Build.0 = Debug|Any CPU
		{C4EF3ECA-1053-4BB7-8390-C87302B47F7A}.Release|Any CPU.ActiveCfg = Release|Any CPU
		{C4EF3ECA-1053-4BB7-8390-C87302B47F7A}.Release|Any CPU.Build.0 = Release|Any CPU
		{67BC40A7-3397-4C3D-904A-9CBF356D5075}.Debug|Any CPU.ActiveCfg = Debug|Any CPU
		{67BC40A7-3397-4C3D-904A-9CBF356D5075}.Debug|Any CPU.Build.0 = Debug|Any CPU
		{67BC40A7-3397-4C3D-904A-9CBF356D5075}.Release|Any CPU.ActiveCfg = Release|Any CPU
		{67BC40A7-3397-4C3D-904A-9CBF356D5075}.Release|Any CPU.Build.0 = Release|Any CPU
		{76FD66C0-4874-43CC-967E-D33961DCFBD2}.Debug|Any CPU.ActiveCfg = Debug|Any CPU
		{76FD66C0-4874-43CC-967E-D33961DCFBD2}.Debug|Any CPU.Build.0 = Debug|Any CPU
		{76FD66C0-4874-43CC-967E-D33961DCFBD2}.Release|Any CPU.ActiveCfg = Release|Any CPU
		{76FD66C0-4874-43CC-967E-D33961DCFBD2}.Release|Any CPU.Build.0 = Release|Any CPU
		{253F2546-2B21-4E86-9AFB-536A04486E1B}.Debug|Any CPU.ActiveCfg = Debug|Any CPU
		{253F2546-2B21-4E86-9AFB-536A04486E1B}.Debug|Any CPU.Build.0 = Debug|Any CPU
		{253F2546-2B21-4E86-9AFB-536A04486E1B}.Release|Any CPU.ActiveCfg = Release|Any CPU
		{253F2546-2B21-4E86-9AFB-536A04486E1B}.Release|Any CPU.Build.0 = Release|Any CPU
		{C45C2BD9-A404-4C3A-B5FA-2197E822D20D}.Debug|Any CPU.ActiveCfg = Debug|Any CPU
		{C45C2BD9-A404-4C3A-B5FA-2197E822D20D}.Debug|Any CPU.Build.0 = Debug|Any CPU
		{C45C2BD9-A404-4C3A-B5FA-2197E822D20D}.Release|Any CPU.ActiveCfg = Release|Any CPU
		{C45C2BD9-A404-4C3A-B5FA-2197E822D20D}.Release|Any CPU.Build.0 = Release|Any CPU
	EndGlobalSection
	GlobalSection(SolutionProperties) = preSolution
		HideSolutionNode = FALSE
	EndGlobalSection
	GlobalSection(NestedProjects) = preSolution
		{3B222B70-FD60-4D7B-89AB-D5840A11BC18} = {02EA681E-C7D8-13C7-8484-4AC65E1B71E8}
		{B6E17949-D803-43DB-95C3-FB0D43598FEE} = {3B222B70-FD60-4D7B-89AB-D5840A11BC18}
		{88B94BB3-5503-4F7B-A540-41B211EB0195} = {3B222B70-FD60-4D7B-89AB-D5840A11BC18}
		{3BBEE81F-9647-4AB8-ABD1-B1F1E1E86F31} = {3B222B70-FD60-4D7B-89AB-D5840A11BC18}
		{2DFDB136-FB12-485B-ADE2-19BA75C6383E} = {3B222B70-FD60-4D7B-89AB-D5840A11BC18}
		{628B10B5-44B4-49E9-8D67-6E529F286767} = {3B222B70-FD60-4D7B-89AB-D5840A11BC18}
		{F595A63C-14D5-4C8C-8351-2775EB31B988} = {02EA681E-C7D8-13C7-8484-4AC65E1B71E8}
		{A7CBE38B-48D4-42E0-A186-7F8DA9C0B106} = {76AC566B-0700-4737-A7C1-4BE698B2CB88}
		{5DBBFD51-5B76-486D-95BA-12E92FF4BFA9} = {F595A63C-14D5-4C8C-8351-2775EB31B988}
		{2E9C7E0E-C16E-4705-A022-4C2E1A6D1F4B} = {F595A63C-14D5-4C8C-8351-2775EB31B988}
		{92FD3E98-9405-41BA-8A52-D2AA751344FC} = {D4FB2F28-95EB-4D0F-A9B0-FD48FA8EBCDA}
		{F96F1E88-B03A-4DD3-A7AD-D56D17BBBB3B} = {02EA681E-C7D8-13C7-8484-4AC65E1B71E8}
		{5DA22705-4303-45CC-8DBE-805CF8C71F9F} = {02EA681E-C7D8-13C7-8484-4AC65E1B71E8}
		{152CF394-E070-49BA-B1D2-3B7B1270269B} = {02EA681E-C7D8-13C7-8484-4AC65E1B71E8}
		{B0CF653E-25C5-48E8-9F0F-EC74549C2949} = {152CF394-E070-49BA-B1D2-3B7B1270269B}
		{14B31C7E-FA2B-44A9-B3AC-EE6192D76187} = {152CF394-E070-49BA-B1D2-3B7B1270269B}
		{43692589-E5D6-4E89-8A44-F702AA5A2562} = {D4FB2F28-95EB-4D0F-A9B0-FD48FA8EBCDA}
		{B828EB36-764E-4650-8773-1D6E9547DAF6} = {D4FB2F28-95EB-4D0F-A9B0-FD48FA8EBCDA}
		{12DD0D86-6482-47D1-B049-707A75DB097D} = {76AC566B-0700-4737-A7C1-4BE698B2CB88}
		{BD4B8E26-4591-44CA-9D57-7B051510A33C} = {76AC566B-0700-4737-A7C1-4BE698B2CB88}
		{672DAA31-2C3A-4756-B7D0-F2D74D64382D} = {76AC566B-0700-4737-A7C1-4BE698B2CB88}
		{2DC16682-A039-434B-8996-362FA5F34D50} = {D4FB2F28-95EB-4D0F-A9B0-FD48FA8EBCDA}
		{21F51368-6A12-476C-8138-2597AF3EDC44} = {02EA681E-C7D8-13C7-8484-4AC65E1B71E8}
		{C4EF3ECA-1053-4BB7-8390-C87302B47F7A} = {21F51368-6A12-476C-8138-2597AF3EDC44}
		{67BC40A7-3397-4C3D-904A-9CBF356D5075} = {21F51368-6A12-476C-8138-2597AF3EDC44}
		{76FD66C0-4874-43CC-967E-D33961DCFBD2} = {21F51368-6A12-476C-8138-2597AF3EDC44}
		{253F2546-2B21-4E86-9AFB-536A04486E1B} = {F96F1E88-B03A-4DD3-A7AD-D56D17BBBB3B}
		{C45C2BD9-A404-4C3A-B5FA-2197E822D20D} = {F96F1E88-B03A-4DD3-A7AD-D56D17BBBB3B}
	EndGlobalSection
	GlobalSection(ExtensibilityGlobals) = postSolution
		SolutionGuid = {5F974680-2C72-4A69-986B-803F9B7AB4AA}
	EndGlobalSection
EndGlobal
